
Microsoft Visual Studio Solution File, Format Version 12.00
# Visual Studio Version 17
VisualStudioVersion = 17.14.36930.0
MinimumVisualStudioVersion = 10.0.40219.1
Project("{FAE04EC0-301F-11D3-BF4B-00C04F79EFBC}") = "AgentFlow", "AgentFlow\AgentFlow.csproj", "{611C5183-AB49-4CFF-90DE-4B374925D154}"
EndProject
Project("{FAE04EC0-301F-11D3-BF4B-00C04F79EFBC}") = "LLMAbstraction", "llm-abstraction\LLMAbstraction.csproj", "{ACB4921B-C0F6-64CE-88B2-CA3D684061A8}"
EndProject
Project("{FAE04EC0-301F-11D3-BF4B-00C04F79EFBC}") = "LLMAbstraction.ConsoleExample", "LLMAbstraction.ConsoleExample\LLMAbstraction.ConsoleExample.csproj", "{7881124B-A55D-404C-AAC2-1637D9E660A9}"
EndProject
Global
	GlobalSection(SolutionConfigurationPlatforms) = preSolution
		Debug|Any CPU = Debug|Any CPU
		Release|Any CPU = Release|Any CPU
	EndGlobalSection
	GlobalSection(ProjectConfigurationPlatforms) = postSolution
		{611C5183-AB49-4CFF-90DE-4B374925D154}.Debug|Any CPU.ActiveCfg = Debug|Any CPU
		{611C5183-AB49-4CFF-90DE-4B374925D154}.Debug|Any CPU.Build.0 = Debug|Any CPU
		{611C5183-AB49-4CFF-90DE-4B374925D154}.Release|Any CPU.ActiveCfg = Release|Any CPU
		{611C5183-AB49-4CFF-90DE-4B374925D154}.Release|Any CPU.Build.0 = Release|Any CPU
		{ACB4921B-C0F6-64CE-88B2-CA3D684061A8}.Debug|Any CPU.ActiveCfg = Debug|Any CPU
		{ACB4921B-C0F6-64CE-88B2-CA3D684061A8}.Debug|Any CPU.Build.0 = Debug|Any CPU
		{ACB4921B-C0F6-64CE-88B2-CA3D684061A8}.Release|Any CPU.ActiveCfg = Release|Any CPU
		{ACB4921B-C0F6-64CE-88B2-CA3D684061A8}.Release|Any CPU.Build.0 = Release|Any CPU
		{7881124B-A55D-404C-AAC2-1637D9E660A9}.Debug|Any CPU.ActiveCfg = Debug|Any CPU
		{7881124B-A55D-404C-AAC2-1637D9E660A9}.Debug|Any CPU.Build.0 = Debug|Any CPU
		{7881124B-A55D-404C-AAC2-1637D9E660A9}.Release|Any CPU.ActiveCfg = Release|Any CPU
		{7881124B-A55D-404C-AAC2-1637D9E660A9}.Release|Any CPU.Build.0 = Release|Any CPU
	EndGlobalSection
	GlobalSection(SolutionProperties) = preSolution
		HideSolutionNode = FALSE
	EndGlobalSection
	GlobalSection(ExtensibilityGlobals) = postSolution
		SolutionGuid = {FD335FF9-C0B8-4B7B-8E20-EE9990C507C4}
	EndGlobalSection
EndGlobal
